
Microsoft Visual Studio Solution File, Format Version 11.00
# Visual Studio 2010
Project("{FAE04EC0-301F-11D3-BF4B-00C04F79EFBC}") = "Ex1", "Ex1\Ex1.csproj", "{BB41E5E2-C0BA-441E-941B-328E0AE011F8}"
EndProject
Project("{FAE04EC0-301F-11D3-BF4B-00C04F79EFBC}") = "Ex2", "Ex2\Ex2.csproj", "{EEECB1F4-C83C-4E90-A50C-CEDA3B29591F}"
EndProject
Project("{FAE04EC0-301F-11D3-BF4B-00C04F79EFBC}") = "Ex3", "Ex3\Ex3.csproj", "{2AA7E606-82F0-4685-BDE6-24C838794A61}"
EndProject
Project("{FAE04EC0-301F-11D3-BF4B-00C04F79EFBC}") = "Ex4", "Ex4\Ex4.csproj", "{8BF55083-64BE-4435-A113-C92AB72F3493}"
EndProject
Project("{FAE04EC0-301F-11D3-BF4B-00C04F79EFBC}") = "Ex99", "Ex99\Ex99.csproj", "{70DE1F5C-27DC-4CEE-8E78-FB1725DDACD7}"
EndProject
Project("{FAE04EC0-301F-11D3-BF4B-00C04F79EFBC}") = "Ex5", "Ex5\Ex5.csproj", "{3D62AF00-3F12-4C8B-9049-4F60AEECF70A}"
EndProject
Project("{FAE04EC0-301F-11D3-BF4B-00C04F79EFBC}") = "Ex6", "Ex6\Ex6.csproj", "{33BE2949-CC63-4B4C-9EA2-C72770F5CA4D}"
EndProject
Project("{FAE04EC0-301F-11D3-BF4B-00C04F79EFBC}") = "Ex31", "Ex31\Ex31.csproj", "{3F3AE4B6-A0AA-4BF1-9B59-72B826EA225D}"
EndProject
Project("{FAE04EC0-301F-11D3-BF4B-00C04F79EFBC}") = "Ex999", "999\Ex999.csproj", "{DCF838D9-67C8-48E9-A8BE-637A42504F75}"
EndProject
Global
	GlobalSection(SolutionConfigurationPlatforms) = preSolution
		Debug|x86 = Debug|x86
		Release|x86 = Release|x86
	EndGlobalSection
	GlobalSection(ProjectConfigurationPlatforms) = postSolution
		{BB41E5E2-C0BA-441E-941B-328E0AE011F8}.Debug|x86.ActiveCfg = Debug|x86
		{BB41E5E2-C0BA-441E-941B-328E0AE011F8}.Debug|x86.Build.0 = Debug|x86
		{BB41E5E2-C0BA-441E-941B-328E0AE011F8}.Release|x86.ActiveCfg = Release|x86
		{BB41E5E2-C0BA-441E-941B-328E0AE011F8}.Release|x86.Build.0 = Release|x86
		{EEECB1F4-C83C-4E90-A50C-CEDA3B29591F}.Debug|x86.ActiveCfg = Debug|x86
		{EEECB1F4-C83C-4E90-A50C-CEDA3B29591F}.Debug|x86.Build.0 = Debug|x86
		{EEECB1F4-C83C-4E90-A50C-CEDA3B29591F}.Release|x86.ActiveCfg = Release|x86
		{EEECB1F4-C83C-4E90-A50C-CEDA3B29591F}.Release|x86.Build.0 = Release|x86
		{2AA7E606-82F0-4685-BDE6-24C838794A61}.Debug|x86.ActiveCfg = Debug|x86
		{2AA7E606-82F0-4685-BDE6-24C838794A61}.Debug|x86.Build.0 = Debug|x86
		{2AA7E606-82F0-4685-BDE6-24C838794A61}.Release|x86.ActiveCfg = Release|x86
		{2AA7E606-82F0-4685-BDE6-24C838794A61}.Release|x86.Build.0 = Release|x86
		{8BF55083-64BE-4435-A113-C92AB72F3493}.Debug|x86.ActiveCfg = Debug|x86
		{8BF55083-64BE-4435-A113-C92AB72F3493}.Debug|x86.Build.0 = Debug|x86
		{8BF55083-64BE-4435-A113-C92AB72F3493}.Release|x86.ActiveCfg = Release|x86
		{8BF55083-64BE-4435-A113-C92AB72F3493}.Release|x86.Build.0 = Release|x86
		{70DE1F5C-27DC-4CEE-8E78-FB1725DDACD7}.Debug|x86.ActiveCfg = Debug|x86
		{70DE1F5C-27DC-4CEE-8E78-FB1725DDACD7}.Debug|x86.Build.0 = Debug|x86
		{70DE1F5C-27DC-4CEE-8E78-FB1725DDACD7}.Release|x86.ActiveCfg = Release|x86
		{70DE1F5C-27DC-4CEE-8E78-FB1725DDACD7}.Release|x86.Build.0 = Release|x86
		{3D62AF00-3F12-4C8B-9049-4F60AEECF70A}.Debug|x86.ActiveCfg = Debug|x86
		{3D62AF00-3F12-4C8B-9049-4F60AEECF70A}.Debug|x86.Build.0 = Debug|x86
		{3D62AF00-3F12-4C8B-9049-4F60AEECF70A}.Release|x86.ActiveCfg = Release|x86
		{3D62AF00-3F12-4C8B-9049-4F60AEECF70A}.Release|x86.Build.0 = Release|x86
		{33BE2949-CC63-4B4C-9EA2-C72770F5CA4D}.Debug|x86.ActiveCfg = Debug|x86
		{33BE2949-CC63-4B4C-9EA2-C72770F5CA4D}.Debug|x86.Build.0 = Debug|x86
		{33BE2949-CC63-4B4C-9EA2-C72770F5CA4D}.Release|x86.ActiveCfg = Release|x86
		{33BE2949-CC63-4B4C-9EA2-C72770F5CA4D}.Release|x86.Build.0 = Release|x86
		{3F3AE4B6-A0AA-4BF1-9B59-72B826EA225D}.Debug|x86.ActiveCfg = Debug|x86
		{3F3AE4B6-A0AA-4BF1-9B59-72B826EA225D}.Debug|x86.Build.0 = Debug|x86
		{3F3AE4B6-A0AA-4BF1-9B59-72B826EA225D}.Release|x86.ActiveCfg = Release|x86
		{3F3AE4B6-A0AA-4BF1-9B59-72B826EA225D}.Release|x86.Build.0 = Release|x86
		{DCF838D9-67C8-48E9-A8BE-637A42504F75}.Debug|x86.ActiveCfg = Debug|x86
		{DCF838D9-67C8-48E9-A8BE-637A42504F75}.Debug|x86.Build.0 = Debug|x86
		{DCF838D9-67C8-48E9-A8BE-637A42504F75}.Release|x86.ActiveCfg = Release|x86
		{DCF838D9-67C8-48E9-A8BE-637A42504F75}.Release|x86.Build.0 = Release|x86
	EndGlobalSection
	GlobalSection(SolutionProperties) = preSolution
		HideSolutionNode = FALSE
	EndGlobalSection
EndGlobal
